// !$*UTF8*$!
{
	archiveVersion = 1;
	classes = {
	};
	objectVersion = 55;
	objects = {

/* Begin PBXBuildFile section */
		F14470B62840F6800098A09A /* CommitApp.swift in Sources */ = {isa = PBXBuildFile; fileRef = F14470B52840F6800098A09A /* CommitApp.swift */; };
		F14470B82840F6800098A09A /* ContentView.swift in Sources */ = {isa = PBXBuildFile; fileRef = F14470B72840F6800098A09A /* ContentView.swift */; };
		F14470BA2840F6810098A09A /* Assets.xcassets in Resources */ = {isa = PBXBuildFile; fileRef = F14470B92840F6810098A09A /* Assets.xcassets */; };
		F14470BD2840F6810098A09A /* Preview Assets.xcassets in Resources */ = {isa = PBXBuildFile; fileRef = F14470BC2840F6810098A09A /* Preview Assets.xcassets */; };
		F14470C82840F6810098A09A /* CommitTests.swift in Sources */ = {isa = PBXBuildFile; fileRef = F14470C72840F6810098A09A /* CommitTests.swift */; };
		F14470D22840F6810098A09A /* CommitUITests.swift in Sources */ = {isa = PBXBuildFile; fileRef = F14470D12840F6810098A09A /* CommitUITests.swift */; };
		F14470D42840F6810098A09A /* CommitUITestsLaunchTests.swift in Sources */ = {isa = PBXBuildFile; fileRef = F14470D32840F6810098A09A /* CommitUITestsLaunchTests.swift */; };
/* End PBXBuildFile section */

/* Begin PBXContainerItemProxy section */
		F14470C42840F6810098A09A /* PBXContainerItemProxy */ = {
			isa = PBXContainerItemProxy;
			containerPortal = F14470AA2840F6800098A09A /* Project object */;
			proxyType = 1;
			remoteGlobalIDString = F14470B12840F6800098A09A;
			remoteInfo = Commit;
		};
		F14470CE2840F6810098A09A /* PBXContainerItemProxy */ = {
			isa = PBXContainerItemProxy;
			containerPortal = F14470AA2840F6800098A09A /* Project object */;
			proxyType = 1;
			remoteGlobalIDString = F14470B12840F6800098A09A;
			remoteInfo = Commit;
		};
/* End PBXContainerItemProxy section */

/* Begin PBXFileReference section */
		F14470B22840F6800098A09A /* Commit.app */ = {isa = PBXFileReference; explicitFileType = wrapper.application; includeInIndex = 0; path = Commit.app; sourceTree = BUILT_PRODUCTS_DIR; };
		F14470B52840F6800098A09A /* CommitApp.swift */ = {isa = PBXFileReference; lastKnownFileType = sourcecode.swift; path = CommitApp.swift; sourceTree = "<group>"; };
		F14470B72840F6800098A09A /* ContentView.swift */ = {isa = PBXFileReference; lastKnownFileType = sourcecode.swift; path = ContentView.swift; sourceTree = "<group>"; };
		F14470B92840F6810098A09A /* Assets.xcassets */ = {isa = PBXFileReference; lastKnownFileType = folder.assetcatalog; path = Assets.xcassets; sourceTree = "<group>"; };
		F14470BC2840F6810098A09A /* Preview Assets.xcassets */ = {isa = PBXFileReference; lastKnownFileType = folder.assetcatalog; path = "Preview Assets.xcassets"; sourceTree = "<group>"; };
		F14470BE2840F6810098A09A /* Commit.entitlements */ = {isa = PBXFileReference; lastKnownFileType = text.plist.entitlements; path = Commit.entitlements; sourceTree = "<group>"; };
		F14470C32840F6810098A09A /* CommitTests.xctest */ = {isa = PBXFileReference; explicitFileType = wrapper.cfbundle; includeInIndex = 0; path = CommitTests.xctest; sourceTree = BUILT_PRODUCTS_DIR; };
		F14470C72840F6810098A09A /* CommitTests.swift */ = {isa = PBXFileReference; lastKnownFileType = sourcecode.swift; path = CommitTests.swift; sourceTree = "<group>"; };
		F14470CD2840F6810098A09A /* CommitUITests.xctest */ = {isa = PBXFileReference; explicitFileType = wrapper.cfbundle; includeInIndex = 0; path = CommitUITests.xctest; sourceTree = BUILT_PRODUCTS_DIR; };
		F14470D12840F6810098A09A /* CommitUITests.swift */ = {isa = PBXFileReference; lastKnownFileType = sourcecode.swift; path = CommitUITests.swift; sourceTree = "<group>"; };
		F14470D32840F6810098A09A /* CommitUITestsLaunchTests.swift */ = {isa = PBXFileReference; lastKnownFileType = sourcecode.swift; path = CommitUITestsLaunchTests.swift; sourceTree = "<group>"; };
/* End PBXFileReference section */

/* Begin PBXFrameworksBuildPhase section */
		F14470AF2840F6800098A09A /* Frameworks */ = {
			isa = PBXFrameworksBuildPhase;
			buildActionMask = 2147483647;
			files = (
			);
			runOnlyForDeploymentPostprocessing = 0;
		};
		F14470C02840F6810098A09A /* Frameworks */ = {
			isa = PBXFrameworksBuildPhase;
			buildActionMask = 2147483647;
			files = (
			);
			runOnlyForDeploymentPostprocessing = 0;
		};
		F14470CA2840F6810098A09A /* Frameworks */ = {
			isa = PBXFrameworksBuildPhase;
			buildActionMask = 2147483647;
			files = (
			);
			runOnlyForDeploymentPostprocessing = 0;
		};
/* End PBXFrameworksBuildPhase section */

/* Begin PBXGroup section */
		F14470A92840F6800098A09A = {
			isa = PBXGroup;
			children = (
				F14470B42840F6800098A09A /* Commit */,
				F14470C62840F6810098A09A /* CommitTests */,
				F14470D02840F6810098A09A /* CommitUITests */,
				F14470B32840F6800098A09A /* Products */,
			);
			sourceTree = "<group>";
		};
		F14470B32840F6800098A09A /* Products */ = {
			isa = PBXGroup;
			children = (
				F14470B22840F6800098A09A /* Commit.app */,
				F14470C32840F6810098A09A /* CommitTests.xctest */,
				F14470CD2840F6810098A09A /* CommitUITests.xctest */,
			);
			name = Products;
			sourceTree = "<group>";
		};
		F14470B42840F6800098A09A /* Commit */ = {
			isa = PBXGroup;
			children = (
				F14470E02840F68C0098A09A /* Views */,
				F14470B52840F6800098A09A /* CommitApp.swift */,
				F14470B92840F6810098A09A /* Assets.xcassets */,
				F14470BE2840F6810098A09A /* Commit.entitlements */,
				F14470BB2840F6810098A09A /* Preview Content */,
			);
			path = Commit;
			sourceTree = "<group>";
		};
		F14470BB2840F6810098A09A /* Preview Content */ = {
			isa = PBXGroup;
			children = (
				F14470BC2840F6810098A09A /* Preview Assets.xcassets */,
			);
			path = "Preview Content";
			sourceTree = "<group>";
		};
		F14470C62840F6810098A09A /* CommitTests */ = {
			isa = PBXGroup;
			children = (
				F14470C72840F6810098A09A /* CommitTests.swift */,
			);
			path = CommitTests;
			sourceTree = "<group>";
		};
		F14470D02840F6810098A09A /* CommitUITests */ = {
			isa = PBXGroup;
			children = (
				F14470D12840F6810098A09A /* CommitUITests.swift */,
				F14470D32840F6810098A09A /* CommitUITestsLaunchTests.swift */,
			);
			path = CommitUITests;
			sourceTree = "<group>";
		};
		F14470E02840F68C0098A09A /* Views */ = {
			isa = PBXGroup;
			children = (
				F14470B72840F6800098A09A /* ContentView.swift */,
			);
			path = Views;
			sourceTree = "<group>";
		};
/* End PBXGroup section */

/* Begin PBXNativeTarget section */
		F14470B12840F6800098A09A /* Commit */ = {
			isa = PBXNativeTarget;
			buildConfigurationList = F14470D72840F6810098A09A /* Build configuration list for PBXNativeTarget "Commit" */;
			buildPhases = (
				F14470AE2840F6800098A09A /* Sources */,
				F14470AF2840F6800098A09A /* Frameworks */,
				F14470B02840F6800098A09A /* Resources */,
			);
			buildRules = (
			);
			dependencies = (
			);
			name = Commit;
			productName = Commit;
			productReference = F14470B22840F6800098A09A /* Commit.app */;
			productType = "com.apple.product-type.application";
		};
		F14470C22840F6810098A09A /* CommitTests */ = {
			isa = PBXNativeTarget;
			buildConfigurationList = F14470DA2840F6810098A09A /* Build configuration list for PBXNativeTarget "CommitTests" */;
			buildPhases = (
				F14470BF2840F6810098A09A /* Sources */,
				F14470C02840F6810098A09A /* Frameworks */,
				F14470C12840F6810098A09A /* Resources */,
			);
			buildRules = (
			);
			dependencies = (
				F14470C52840F6810098A09A /* PBXTargetDependency */,
			);
			name = CommitTests;
			productName = CommitTests;
			productReference = F14470C32840F6810098A09A /* CommitTests.xctest */;
			productType = "com.apple.product-type.bundle.unit-test";
		};
		F14470CC2840F6810098A09A /* CommitUITests */ = {
			isa = PBXNativeTarget;
			buildConfigurationList = F14470DD2840F6810098A09A /* Build configuration list for PBXNativeTarget "CommitUITests" */;
			buildPhases = (
				F14470C92840F6810098A09A /* Sources */,
				F14470CA2840F6810098A09A /* Frameworks */,
				F14470CB2840F6810098A09A /* Resources */,
			);
			buildRules = (
			);
			dependencies = (
				F14470CF2840F6810098A09A /* PBXTargetDependency */,
			);
			name = CommitUITests;
			productName = CommitUITests;
			productReference = F14470CD2840F6810098A09A /* CommitUITests.xctest */;
			productType = "com.apple.product-type.bundle.ui-testing";
		};
/* End PBXNativeTarget section */

/* Begin PBXProject section */
		F14470AA2840F6800098A09A /* Project object */ = {
			isa = PBXProject;
			attributes = {
				BuildIndependentTargetsInParallel = 1;
				LastSwiftUpdateCheck = 1340;
				LastUpgradeCheck = 1340;
				TargetAttributes = {
					F14470B12840F6800098A09A = {
						CreatedOnToolsVersion = 13.4;
					};
					F14470C22840F6810098A09A = {
						CreatedOnToolsVersion = 13.4;
						TestTargetID = F14470B12840F6800098A09A;
					};
					F14470CC2840F6810098A09A = {
						CreatedOnToolsVersion = 13.4;
						TestTargetID = F14470B12840F6800098A09A;
					};
				};
			};
			buildConfigurationList = F14470AD2840F6800098A09A /* Build configuration list for PBXProject "Commit" */;
			compatibilityVersion = "Xcode 13.0";
			developmentRegion = en;
			hasScannedForEncodings = 0;
			knownRegions = (
				en,
				Base,
			);
			mainGroup = F14470A92840F6800098A09A;
			productRefGroup = F14470B32840F6800098A09A /* Products */;
			projectDirPath = "";
			projectRoot = "";
			targets = (
				F14470B12840F6800098A09A /* Commit */,
				F14470C22840F6810098A09A /* CommitTests */,
				F14470CC2840F6810098A09A /* CommitUITests */,
			);
		};
/* End PBXProject section */

/* Begin PBXResourcesBuildPhase section */
		F14470B02840F6800098A09A /* Resources */ = {
			isa = PBXResourcesBuildPhase;
			buildActionMask = 2147483647;
			files = (
				F14470BD2840F6810098A09A /* Preview Assets.xcassets in Resources */,
				F14470BA2840F6810098A09A /* Assets.xcassets in Resources */,
			);
			runOnlyForDeploymentPostprocessing = 0;
		};
		F14470C12840F6810098A09A /* Resources */ = {
			isa = PBXResourcesBuildPhase;
			buildActionMask = 2147483647;
			files = (
			);
			runOnlyForDeploymentPostprocessing = 0;
		};
		F14470CB2840F6810098A09A /* Resources */ = {
			isa = PBXResourcesBuildPhase;
			buildActionMask = 2147483647;
			files = (
			);
			runOnlyForDeploymentPostprocessing = 0;
		};
/* End PBXResourcesBuildPhase section */

/* Begin PBXSourcesBuildPhase section */
		F14470AE2840F6800098A09A /* Sources */ = {
			isa = PBXSourcesBuildPhase;
			buildActionMask = 2147483647;
			files = (
				F14470B82840F6800098A09A /* ContentView.swift in Sources */,
				F14470B62840F6800098A09A /* CommitApp.swift in Sources */,
			);
			runOnlyForDeploymentPostprocessing = 0;
		};
		F14470BF2840F6810098A09A /* Sources */ = {
			isa = PBXSourcesBuildPhase;
			buildActionMask = 2147483647;
			files = (
				F14470C82840F6810098A09A /* CommitTests.swift in Sources */,
			);
			runOnlyForDeploymentPostprocessing = 0;
		};
		F14470C92840F6810098A09A /* Sources */ = {
			isa = PBXSourcesBuildPhase;
			buildActionMask = 2147483647;
			files = (
				F14470D22840F6810098A09A /* CommitUITests.swift in Sources */,
				F14470D42840F6810098A09A /* CommitUITestsLaunchTests.swift in Sources */,
			);
			runOnlyForDeploymentPostprocessing = 0;
		};
/* End PBXSourcesBuildPhase section */

/* Begin PBXTargetDependency section */
		F14470C52840F6810098A09A /* PBXTargetDependency */ = {
			isa = PBXTargetDependency;
			target = F14470B12840F6800098A09A /* Commit */;
			targetProxy = F14470C42840F6810098A09A /* PBXContainerItemProxy */;
		};
		F14470CF2840F6810098A09A /* PBXTargetDependency */ = {
			isa = PBXTargetDependency;
			target = F14470B12840F6800098A09A /* Commit */;
			targetProxy = F14470CE2840F6810098A09A /* PBXContainerItemProxy */;
		};
/* End PBXTargetDependency section */

/* Begin XCBuildConfiguration section */
		F14470D52840F6810098A09A /* Debug */ = {
			isa = XCBuildConfiguration;
			buildSettings = {
				ALWAYS_SEARCH_USER_PATHS = NO;
				CLANG_ANALYZER_NONNULL = YES;
				CLANG_ANALYZER_NUMBER_OBJECT_CONVERSION = YES_AGGRESSIVE;
				CLANG_CXX_LANGUAGE_STANDARD = "gnu++17";
				CLANG_ENABLE_MODULES = YES;
				CLANG_ENABLE_OBJC_ARC = YES;
				CLANG_ENABLE_OBJC_WEAK = YES;
				CLANG_WARN_BLOCK_CAPTURE_AUTORELEASING = YES;
				CLANG_WARN_BOOL_CONVERSION = YES;
				CLANG_WARN_COMMA = YES;
				CLANG_WARN_CONSTANT_CONVERSION = YES;
				CLANG_WARN_DEPRECATED_OBJC_IMPLEMENTATIONS = YES;
				CLANG_WARN_DIRECT_OBJC_ISA_USAGE = YES_ERROR;
				CLANG_WARN_DOCUMENTATION_COMMENTS = YES;
				CLANG_WARN_EMPTY_BODY = YES;
				CLANG_WARN_ENUM_CONVERSION = YES;
				CLANG_WARN_INFINITE_RECURSION = YES;
				CLANG_WARN_INT_CONVERSION = YES;
				CLANG_WARN_NON_LITERAL_NULL_CONVERSION = YES;
				CLANG_WARN_OBJC_IMPLICIT_RETAIN_SELF = YES;
				CLANG_WARN_OBJC_LITERAL_CONVERSION = YES;
				CLANG_WARN_OBJC_ROOT_CLASS = YES_ERROR;
				CLANG_WARN_QUOTED_INCLUDE_IN_FRAMEWORK_HEADER = YES;
				CLANG_WARN_RANGE_LOOP_ANALYSIS = YES;
				CLANG_WARN_STRICT_PROTOTYPES = YES;
				CLANG_WARN_SUSPICIOUS_MOVE = YES;
				CLANG_WARN_UNGUARDED_AVAILABILITY = YES_AGGRESSIVE;
				CLANG_WARN_UNREACHABLE_CODE = YES;
				CLANG_WARN__DUPLICATE_METHOD_MATCH = YES;
				COPY_PHASE_STRIP = NO;
				DEBUG_INFORMATION_FORMAT = dwarf;
				ENABLE_STRICT_OBJC_MSGSEND = YES;
				ENABLE_TESTABILITY = YES;
				GCC_C_LANGUAGE_STANDARD = gnu11;
				GCC_DYNAMIC_NO_PIC = NO;
				GCC_NO_COMMON_BLOCKS = YES;
				GCC_OPTIMIZATION_LEVEL = 0;
				GCC_PREPROCESSOR_DEFINITIONS = (
					"DEBUG=1",
					"$(inherited)",
				);
				GCC_WARN_64_TO_32_BIT_CONVERSION = YES;
				GCC_WARN_ABOUT_RETURN_TYPE = YES_ERROR;
				GCC_WARN_UNDECLARED_SELECTOR = YES;
				GCC_WARN_UNINITIALIZED_AUTOS = YES_AGGRESSIVE;
				GCC_WARN_UNUSED_FUNCTION = YES;
				GCC_WARN_UNUSED_VARIABLE = YES;
				MACOSX_DEPLOYMENT_TARGET = 12.3;
				MTL_ENABLE_DEBUG_INFO = INCLUDE_SOURCE;
				MTL_FAST_MATH = YES;
				ONLY_ACTIVE_ARCH = YES;
				SDKROOT = macosx;
				SWIFT_ACTIVE_COMPILATION_CONDITIONS = DEBUG;
				SWIFT_OPTIMIZATION_LEVEL = "-Onone";
			};
			name = Debug;
		};
		F14470D62840F6810098A09A /* Release */ = {
			isa = XCBuildConfiguration;
			buildSettings = {
				ALWAYS_SEARCH_USER_PATHS = NO;
				CLANG_ANALYZER_NONNULL = YES;
				CLANG_ANALYZER_NUMBER_OBJECT_CONVERSION = YES_AGGRESSIVE;
				CLANG_CXX_LANGUAGE_STANDARD = "gnu++17";
				CLANG_ENABLE_MODULES = YES;
				CLANG_ENABLE_OBJC_ARC = YES;
				CLANG_ENABLE_OBJC_WEAK = YES;
				CLANG_WARN_BLOCK_CAPTURE_AUTORELEASING = YES;
				CLANG_WARN_BOOL_CONVERSION = YES;
				CLANG_WARN_COMMA = YES;
				CLANG_WARN_CONSTANT_CONVERSION = YES;
				CLANG_WARN_DEPRECATED_OBJC_IMPLEMENTATIONS = YES;
				CLANG_WARN_DIRECT_OBJC_ISA_USAGE = YES_ERROR;
				CLANG_WARN_DOCUMENTATION_COMMENTS = YES;
				CLANG_WARN_EMPTY_BODY = YES;
				CLANG_WARN_ENUM_CONVERSION = YES;
				CLANG_WARN_INFINITE_RECURSION = YES;
				CLANG_WARN_INT_CONVERSION = YES;
				CLANG_WARN_NON_LITERAL_NULL_CONVERSION = YES;
				CLANG_WARN_OBJC_IMPLICIT_RETAIN_SELF = YES;
				CLANG_WARN_OBJC_LITERAL_CONVERSION = YES;
				CLANG_WARN_OBJC_ROOT_CLASS = YES_ERROR;
				CLANG_WARN_QUOTED_INCLUDE_IN_FRAMEWORK_HEADER = YES;
				CLANG_WARN_RANGE_LOOP_ANALYSIS = YES;
				CLANG_WARN_STRICT_PROTOTYPES = YES;
				CLANG_WARN_SUSPICIOUS_MOVE = YES;
				CLANG_WARN_UNGUARDED_AVAILABILITY = YES_AGGRESSIVE;
				CLANG_WARN_UNREACHABLE_CODE = YES;
				CLANG_WARN__DUPLICATE_METHOD_MATCH = YES;
				COPY_PHASE_STRIP = NO;
				DEBUG_INFORMATION_FORMAT = "dwarf-with-dsym";
				ENABLE_NS_ASSERTIONS = NO;
				ENABLE_STRICT_OBJC_MSGSEND = YES;
				GCC_C_LANGUAGE_STANDARD = gnu11;
				GCC_NO_COMMON_BLOCKS = YES;
				GCC_WARN_64_TO_32_BIT_CONVERSION = YES;
				GCC_WARN_ABOUT_RETURN_TYPE = YES_ERROR;
				GCC_WARN_UNDECLARED_SELECTOR = YES;
				GCC_WARN_UNINITIALIZED_AUTOS = YES_AGGRESSIVE;
				GCC_WARN_UNUSED_FUNCTION = YES;
				GCC_WARN_UNUSED_VARIABLE = YES;
				MACOSX_DEPLOYMENT_TARGET = 12.3;
				MTL_ENABLE_DEBUG_INFO = NO;
				MTL_FAST_MATH = YES;
				SDKROOT = macosx;
				SWIFT_COMPILATION_MODE = wholemodule;
				SWIFT_OPTIMIZATION_LEVEL = "-O";
			};
			name = Release;
		};
		F14470D82840F6810098A09A /* Debug */ = {
			isa = XCBuildConfiguration;
			buildSettings = {
				ASSETCATALOG_COMPILER_APPICON_NAME = AppIcon;
				ASSETCATALOG_COMPILER_GLOBAL_ACCENT_COLOR_NAME = AccentColor;
				CODE_SIGN_ENTITLEMENTS = Commit/Commit.entitlements;
				CODE_SIGN_STYLE = Automatic;
				COMBINE_HIDPI_IMAGES = YES;
				CURRENT_PROJECT_VERSION = 1;
				DEVELOPMENT_ASSET_PATHS = "\"Commit/Preview Content\"";
				DEVELOPMENT_TEAM = JFEQBT86F4;
				ENABLE_HARDENED_RUNTIME = YES;
				ENABLE_PREVIEWS = YES;
				GENERATE_INFOPLIST_FILE = YES;
				INFOPLIST_KEY_NSHumanReadableCopyright = "";
				LD_RUNPATH_SEARCH_PATHS = (
					"$(inherited)",
					"@executable_path/../Frameworks",
				);
				MARKETING_VERSION = 1.0;
				PRODUCT_BUNDLE_IDENTIFIER = cc.mettler.Commit;
				PRODUCT_NAME = "$(TARGET_NAME)";
				SWIFT_EMIT_LOC_STRINGS = YES;
				SWIFT_VERSION = 5.0;
			};
			name = Debug;
		};
		F14470D92840F6810098A09A /* Release */ = {
			isa = XCBuildConfiguration;
			buildSettings = {
				ASSETCATALOG_COMPILER_APPICON_NAME = AppIcon;
				ASSETCATALOG_COMPILER_GLOBAL_ACCENT_COLOR_NAME = AccentColor;
				CODE_SIGN_ENTITLEMENTS = Commit/Commit.entitlements;
				CODE_SIGN_STYLE = Automatic;
				COMBINE_HIDPI_IMAGES = YES;
				CURRENT_PROJECT_VERSION = 1;
				DEVELOPMENT_ASSET_PATHS = "\"Commit/Preview Content\"";
				DEVELOPMENT_TEAM = JFEQBT86F4;
				ENABLE_HARDENED_RUNTIME = YES;
				ENABLE_PREVIEWS = YES;
				GENERATE_INFOPLIST_FILE = YES;
				INFOPLIST_KEY_NSHumanReadableCopyright = "";
				LD_RUNPATH_SEARCH_PATHS = (
					"$(inherited)",
					"@executable_path/../Frameworks",
				);
				MARKETING_VERSION = 1.0;
				PRODUCT_BUNDLE_IDENTIFIER = cc.mettler.Commit;
				PRODUCT_NAME = "$(TARGET_NAME)";
				SWIFT_EMIT_LOC_STRINGS = YES;
				SWIFT_VERSION = 5.0;
			};
			name = Release;
		};
		F14470DB2840F6810098A09A /* Debug */ = {
			isa = XCBuildConfiguration;
			buildSettings = {
				ALWAYS_EMBED_SWIFT_STANDARD_LIBRARIES = YES;
				BUNDLE_LOADER = "$(TEST_HOST)";
				CODE_SIGN_STYLE = Automatic;
				CURRENT_PROJECT_VERSION = 1;
				DEVELOPMENT_TEAM = JFEQBT86F4;
				GENERATE_INFOPLIST_FILE = YES;
				MACOSX_DEPLOYMENT_TARGET = 12.3;
				MARKETING_VERSION = 1.0;
				PRODUCT_BUNDLE_IDENTIFIER = cc.mettler.CommitTests;
				PRODUCT_NAME = "$(TARGET_NAME)";
				SWIFT_EMIT_LOC_STRINGS = NO;
				SWIFT_VERSION = 5.0;
				TEST_HOST = "$(BUILT_PRODUCTS_DIR)/Commit.app/Contents/MacOS/Commit";
			};
			name = Debug;
		};
		F14470DC2840F6810098A09A /* Release */ = {
			isa = XCBuildConfiguration;
			buildSettings = {
				ALWAYS_EMBED_SWIFT_STANDARD_LIBRARIES = YES;
				BUNDLE_LOADER = "$(TEST_HOST)";
				CODE_SIGN_STYLE = Automatic;
				CURRENT_PROJECT_VERSION = 1;
				DEVELOPMENT_TEAM = JFEQBT86F4;
				GENERATE_INFOPLIST_FILE = YES;
				MACOSX_DEPLOYMENT_TARGET = 12.3;
				MARKETING_VERSION = 1.0;
				PRODUCT_BUNDLE_IDENTIFIER = cc.mettler.CommitTests;
				PRODUCT_NAME = "$(TARGET_NAME)";
				SWIFT_EMIT_LOC_STRINGS = NO;
				SWIFT_VERSION = 5.0;
				TEST_HOST = "$(BUILT_PRODUCTS_DIR)/Commit.app/Contents/MacOS/Commit";
			};
			name = Release;
		};
		F14470DE2840F6810098A09A /* Debug */ = {
			isa = XCBuildConfiguration;
			buildSettings = {
				ALWAYS_EMBED_SWIFT_STANDARD_LIBRARIES = YES;
				CODE_SIGN_STYLE = Automatic;
				CURRENT_PROJECT_VERSION = 1;
				DEVELOPMENT_TEAM = JFEQBT86F4;
				GENERATE_INFOPLIST_FILE = YES;
				MARKETING_VERSION = 1.0;
				PRODUCT_BUNDLE_IDENTIFIER = cc.mettler.CommitUITests;
				PRODUCT_NAME = "$(TARGET_NAME)";
				SWIFT_EMIT_LOC_STRINGS = NO;
				SWIFT_VERSION = 5.0;
				TEST_TARGET_NAME = Commit;
			};
			name = Debug;
		};
		F14470DF2840F6810098A09A /* Release */ = {
			isa = XCBuildConfiguration;
			buildSettings = {
				ALWAYS_EMBED_SWIFT_STANDARD_LIBRARIES = YES;
				CODE_SIGN_STYLE = Automatic;
				CURRENT_PROJECT_VERSION = 1;
				DEVELOPMENT_TEAM = JFEQBT86F4;
				GENERATE_INFOPLIST_FILE = YES;
				MARKETING_VERSION = 1.0;
				PRODUCT_BUNDLE_IDENTIFIER = cc.mettler.CommitUITests;
				PRODUCT_NAME = "$(TARGET_NAME)";
				SWIFT_EMIT_LOC_STRINGS = NO;
				SWIFT_VERSION = 5.0;
				TEST_TARGET_NAME = Commit;
			};
			name = Release;
		};
/* End XCBuildConfiguration section */

/* Begin XCConfigurationList section */
		F14470AD2840F6800098A09A /* Build configuration list for PBXProject "Commit" */ = {
			isa = XCConfigurationList;
			buildConfigurations = (
				F14470D52840F6810098A09A /* Debug */,
				F14470D62840F6810098A09A /* Release */,
			);
			defaultConfigurationIsVisible = 0;
			defaultConfigurationName = Release;
		};
		F14470D72840F6810098A09A /* Build configuration list for PBXNativeTarget "Commit" */ = {
			isa = XCConfigurationList;
			buildConfigurations = (
				F14470D82840F6810098A09A /* Debug */,
				F14470D92840F6810098A09A /* Release */,
			);
			defaultConfigurationIsVisible = 0;
			defaultConfigurationName = Release;
		};
		F14470DA2840F6810098A09A /* Build configuration list for PBXNativeTarget "CommitTests" */ = {
			isa = XCConfigurationList;
			buildConfigurations = (
				F14470DB2840F6810098A09A /* Debug */,
				F14470DC2840F6810098A09A /* Release */,
			);
			defaultConfigurationIsVisible = 0;
			defaultConfigurationName = Release;
		};
		F14470DD2840F6810098A09A /* Build configuration list for PBXNativeTarget "CommitUITests" */ = {
			isa = XCConfigurationList;
			buildConfigurations = (
				F14470DE2840F6810098A09A /* Debug */,
				F14470DF2840F6810098A09A /* Release */,
			);
			defaultConfigurationIsVisible = 0;
			defaultConfigurationName = Release;
		};
/* End XCConfigurationList section */
	};
	rootObject = F14470AA2840F6800098A09A /* Project object */;
}
